
Microsoft Visual Studio Solution File, Format Version 12.00
# Visual Studio Version 16
VisualStudioVersion = 16.0.31005.135
MinimumVisualStudioVersion = 10.0.40219.1
Project("{FAE04EC0-301F-11D3-BF4B-00C04F79EFBC}") = "RottenTomatoes", "RottenTomatoes.csproj", "{15EE602D-2767-4E48-A6E8-880E19319940}"
EndProject
Global
	GlobalSection(SolutionConfigurationPlatforms) = preSolution
		Debug|Any CPU = Debug|Any CPU
		Release|Any CPU = Release|Any CPU
	EndGlobalSection
	GlobalSection(ProjectConfigurationPlatforms) = postSolution
		{15EE602D-2767-4E48-A6E8-880E19319940}.Debug|Any CPU.ActiveCfg = Debug|Any CPU
		{15EE602D-2767-4E48-A6E8-880E19319940}.Debug|Any CPU.Build.0 = Debug|Any CPU
		{15EE602D-2767-4E48-A6E8-880E19319940}.Release|Any CPU.ActiveCfg = Release|Any CPU
		{15EE602D-2767-4E48-A6E8-880E19319940}.Release|Any CPU.Build.0 = Release|Any CPU
	EndGlobalSection
	GlobalSection(SolutionProperties) = preSolution
		HideSolutionNode = FALSE
	EndGlobalSection
	GlobalSection(ExtensibilityGlobals) = postSolution
		SolutionGuid = {18D88B3C-55FE-4547-ACF2-89D4FF3C9C4F}
	EndGlobalSection
EndGlobal
